
Microsoft Visual Studio Solution File, Format Version 12.00
# Visual Studio Version 16
VisualStudioVersion = 16.0.31729.503
MinimumVisualStudioVersion = 10.0.40219.1
Project("{FAE04EC0-301F-11D3-BF4B-00C04F79EFBC}") = "EmployeeSelectionConsole", "EmployeeSelectionConsole\EmployeeSelectionConsole.csproj", "{C37ED42E-9099-44AC-882E-0ECF2D9066D0}"
EndProject
Global
	GlobalSection(SolutionConfigurationPlatforms) = preSolution
		Debug|Any CPU = Debug|Any CPU
		Release|Any CPU = Release|Any CPU
	EndGlobalSection
	GlobalSection(ProjectConfigurationPlatforms) = postSolution
		{C37ED42E-9099-44AC-882E-0ECF2D9066D0}.Debug|Any CPU.ActiveCfg = Debug|Any CPU
		{C37ED42E-9099-44AC-882E-0ECF2D9066D0}.Debug|Any CPU.Build.0 = Debug|Any CPU
		{C37ED42E-9099-44AC-882E-0ECF2D9066D0}.Release|Any CPU.ActiveCfg = Release|Any CPU
		{C37ED42E-9099-44AC-882E-0ECF2D9066D0}.Release|Any CPU.Build.0 = Release|Any CPU
	EndGlobalSection
	GlobalSection(SolutionProperties) = preSolution
		HideSolutionNode = FALSE
	EndGlobalSection
	GlobalSection(ExtensibilityGlobals) = postSolution
		SolutionGuid = {1F4E1750-D3EA-4D04-860C-53DB59F7EEE8}
	EndGlobalSection
EndGlobal
